// !$*UTF8*$!
{
	archiveVersion = 1;
	classes = {
	};
	objectVersion = 46;
	objects = {

/* Begin PBXBuildFile section */
		D6C90D5F1B2FF6D800C86102 /* AppDelegate.swift in Sources */ = {isa = PBXBuildFile; fileRef = D6C90D5E1B2FF6D800C86102 /* AppDelegate.swift */; };
		D6C90D611B2FF6D800C86102 /* Images.xcassets in Resources */ = {isa = PBXBuildFile; fileRef = D6C90D601B2FF6D800C86102 /* Images.xcassets */; };
		D6C90D641B2FF6D800C86102 /* LaunchScreen.xib in Resources */ = {isa = PBXBuildFile; fileRef = D6C90D621B2FF6D800C86102 /* LaunchScreen.xib */; };
		D6C90D701B2FF6D800C86102 /* CheckBoxinSwiftTests.swift in Sources */ = {isa = PBXBuildFile; fileRef = D6C90D6F1B2FF6D800C86102 /* CheckBoxinSwiftTests.swift */; };
/* End PBXBuildFile section */

/* Begin PBXContainerItemProxy section */
		D6C90D6A1B2FF6D800C86102 /* PBXContainerItemProxy */ = {
			isa = PBXContainerItemProxy;
			containerPortal = D6C90D511B2FF6D800C86102 /* Project object */;
			proxyType = 1;
			remoteGlobalIDString = D6C90D581B2FF6D800C86102;
			remoteInfo = CheckBoxinSwift;
		};
/* End PBXContainerItemProxy section */

/* Begin PBXFileReference section */
		D6C90D591B2FF6D800C86102 /* CheckBoxinSwift.app */ = {isa = PBXFileReference; explicitFileType = wrapper.application; includeInIndex = 0; path = CheckBoxinSwift.app; sourceTree = BUILT_PRODUCTS_DIR; };
		D6C90D5D1B2FF6D800C86102 /* Info.plist */ = {isa = PBXFileReference; lastKnownFileType = text.plist.xml; path = Info.plist; sourceTree = "<group>"; };
		D6C90D5E1B2FF6D800C86102 /* AppDelegate.swift */ = {isa = PBXFileReference; lastKnownFileType = sourcecode.swift; path = AppDelegate.swift; sourceTree = "<group>"; };
		D6C90D601B2FF6D800C86102 /* Images.xcassets */ = {isa = PBXFileReference; lastKnownFileType = folder.assetcatalog; path = Images.xcassets; sourceTree = "<group>"; };
		D6C90D631B2FF6D800C86102 /* Base */ = {isa = PBXFileReference; lastKnownFileType = file.xib; name = Base; path = Base.lproj/LaunchScreen.xib; sourceTree = "<group>"; };
		D6C90D691B2FF6D800C86102 /* CheckBoxinSwiftTests.xctest */ = {isa = PBXFileReference; explicitFileType = wrapper.cfbundle; includeInIndex = 0; path = CheckBoxinSwiftTests.xctest; sourceTree = BUILT_PRODUCTS_DIR; };
		D6C90D6E1B2FF6D800C86102 /* Info.plist */ = {isa = PBXFileReference; lastKnownFileType = text.plist.xml; path = Info.plist; sourceTree = "<group>"; };
		D6C90D6F1B2FF6D800C86102 /* CheckBoxinSwiftTests.swift */ = {isa = PBXFileReference; lastKnownFileType = sourcecode.swift; path = CheckBoxinSwiftTests.swift; sourceTree = "<group>"; };
/* End PBXFileReference section */

/* Begin PBXFrameworksBuildPhase section */
		D6C90D561B2FF6D800C86102 /* Frameworks */ = {
			isa = PBXFrameworksBuildPhase;
			buildActionMask = 2147483647;
			files = (
			);
			runOnlyForDeploymentPostprocessing = 0;
		};
		D6C90D661B2FF6D800C86102 /* Frameworks */ = {
			isa = PBXFrameworksBuildPhase;
			buildActionMask = 2147483647;
			files = (
			);
			runOnlyForDeploymentPostprocessing = 0;
		};
/* End PBXFrameworksBuildPhase section */

/* Begin PBXGroup section */
		D6C90D501B2FF6D800C86102 = {
			isa = PBXGroup;
			children = (
				D6C90D5B1B2FF6D800C86102 /* CheckBoxinSwift */,
				D6C90D6C1B2FF6D800C86102 /* CheckBoxinSwiftTests */,
				D6C90D5A1B2FF6D800C86102 /* Products */,
			);
			sourceTree = "<group>";
		};
		D6C90D5A1B2FF6D800C86102 /* Products */ = {
			isa = PBXGroup;
			children = (
				D6C90D591B2FF6D800C86102 /* CheckBoxinSwift.app */,
				D6C90D691B2FF6D800C86102 /* CheckBoxinSwiftTests.xctest */,
			);
			name = Products;
			sourceTree = "<group>";
		};
		D6C90D5B1B2FF6D800C86102 /* CheckBoxinSwift */ = {
			isa = PBXGroup;
			children = (
				D6C90D5E1B2FF6D800C86102 /* AppDelegate.swift */,
				D6C90D601B2FF6D800C86102 /* Images.xcassets */,
				D6C90D621B2FF6D800C86102 /* LaunchScreen.xib */,
				D6C90D5C1B2FF6D800C86102 /* Supporting Files */,
			);
			path = CheckBoxinSwift;
			sourceTree = "<group>";
		};
		D6C90D5C1B2FF6D800C86102 /* Supporting Files */ = {
			isa = PBXGroup;
			children = (
				D6C90D5D1B2FF6D800C86102 /* Info.plist */,
			);
			name = "Supporting Files";
			sourceTree = "<group>";
		};
		D6C90D6C1B2FF6D800C86102 /* CheckBoxinSwiftTests */ = {
			isa = PBXGroup;
			children = (
				D6C90D6F1B2FF6D800C86102 /* CheckBoxinSwiftTests.swift */,
				D6C90D6D1B2FF6D800C86102 /* Supporting Files */,
			);
			path = CheckBoxinSwiftTests;
			sourceTree = "<group>";
		};
		D6C90D6D1B2FF6D800C86102 /* Supporting Files */ = {
			isa = PBXGroup;
			children = (
				D6C90D6E1B2FF6D800C86102 /* Info.plist */,
			);
			name = "Supporting Files";
			sourceTree = "<group>";
		};
/* End PBXGroup section */

/* Begin PBXNativeTarget section */
		D6C90D581B2FF6D800C86102 /* CheckBoxinSwift */ = {
			isa = PBXNativeTarget;
			buildConfigurationList = D6C90D731B2FF6D800C86102 /* Build configuration list for PBXNativeTarget "CheckBoxinSwift" */;
			buildPhases = (
				D6C90D551B2FF6D800C86102 /* Sources */,
				D6C90D561B2FF6D800C86102 /* Frameworks */,
				D6C90D571B2FF6D800C86102 /* Resources */,
			);
			buildRules = (
			);
			dependencies = (
			);
			name = CheckBoxinSwift;
			productName = CheckBoxinSwift;
			productReference = D6C90D591B2FF6D800C86102 /* CheckBoxinSwift.app */;
			productType = "com.apple.product-type.application";
		};
		D6C90D681B2FF6D800C86102 /* CheckBoxinSwiftTests */ = {
			isa = PBXNativeTarget;
			buildConfigurationList = D6C90D761B2FF6D800C86102 /* Build configuration list for PBXNativeTarget "CheckBoxinSwiftTests" */;
			buildPhases = (
				D6C90D651B2FF6D800C86102 /* Sources */,
				D6C90D661B2FF6D800C86102 /* Frameworks */,
				D6C90D671B2FF6D800C86102 /* Resources */,
			);
			buildRules = (
			);
			dependencies = (
				D6C90D6B1B2FF6D800C86102 /* PBXTargetDependency */,
			);
			name = CheckBoxinSwiftTests;
			productName = CheckBoxinSwiftTests;
			productReference = D6C90D691B2FF6D800C86102 /* CheckBoxinSwiftTests.xctest */;
			productType = "com.apple.product-type.bundle.unit-test";
		};
/* End PBXNativeTarget section */

/* Begin PBXProject section */
		D6C90D511B2FF6D800C86102 /* Project object */ = {
			isa = PBXProject;
			attributes = {
				LastUpgradeCheck = 0620;
				ORGANIZATIONNAME = Netiapps;
				TargetAttributes = {
					D6C90D581B2FF6D800C86102 = {
						CreatedOnToolsVersion = 6.2;
					};
					D6C90D681B2FF6D800C86102 = {
						CreatedOnToolsVersion = 6.2;
						TestTargetID = D6C90D581B2FF6D800C86102;
					};
				};
			};
			buildConfigurationList = D6C90D541B2FF6D800C86102 /* Build configuration list for PBXProject "CheckBoxinSwift" */;
			compatibilityVersion = "Xcode 3.2";
			developmentRegion = English;
			hasScannedForEncodings = 0;
			knownRegions = (
				en,
				Base,
			);
			mainGroup = D6C90D501B2FF6D800C86102;
			productRefGroup = D6C90D5A1B2FF6D800C86102 /* Products */;
			projectDirPath = "";
			projectRoot = "";
			targets = (
				D6C90D581B2FF6D800C86102 /* CheckBoxinSwift */,
				D6C90D681B2FF6D800C86102 /* CheckBoxinSwiftTests */,
			);
		};
/* End PBXProject section */

/* Begin PBXResourcesBuildPhase section */
		D6C90D571B2FF6D800C86102 /* Resources */ = {
			isa = PBXResourcesBuildPhase;
			buildActionMask = 2147483647;
			files = (
				D6C90D641B2FF6D800C86102 /* LaunchScreen.xib in Resources */,
				D6C90D611B2FF6D800C86102 /* Images.xcassets in Resources */,
			);
			runOnlyForDeploymentPostprocessing = 0;
		};
		D6C90D671B2FF6D800C86102 /* Resources */ = {
			isa = PBXResourcesBuildPhase;
			buildActionMask = 2147483647;
			files = (
			);
			runOnlyForDeploymentPostprocessing = 0;
		};
/* End PBXResourcesBuildPhase section */

/* Begin PBXSourcesBuildPhase section */
		D6C90D551B2FF6D800C86102 /* Sources */ = {
			isa = PBXSourcesBuildPhase;
			buildActionMask = 2147483647;
			files = (
				D6C90D5F1B2FF6D800C86102 /* AppDelegate.swift in Sources */,
			);
			runOnlyForDeploymentPostprocessing = 0;
		};
		D6C90D651B2FF6D800C86102 /* Sources */ = {
			isa = PBXSourcesBuildPhase;
			buildActionMask = 2147483647;
			files = (
				D6C90D701B2FF6D800C86102 /* CheckBoxinSwiftTests.swift in Sources */,
			);
			runOnlyForDeploymentPostprocessing = 0;
		};
/* End PBXSourcesBuildPhase section */

/* Begin PBXTargetDependency section */
		D6C90D6B1B2FF6D800C86102 /* PBXTargetDependency */ = {
			isa = PBXTargetDependency;
			target = D6C90D581B2FF6D800C86102 /* CheckBoxinSwift */;
			targetProxy = D6C90D6A1B2FF6D800C86102 /* PBXContainerItemProxy */;
		};
/* End PBXTargetDependency section */

/* Begin PBXVariantGroup section */
		D6C90D621B2FF6D800C86102 /* LaunchScreen.xib */ = {
			isa = PBXVariantGroup;
			children = (
				D6C90D631B2FF6D800C86102 /* Base */,
			);
			name = LaunchScreen.xib;
			sourceTree = "<group>";
		};
/* End PBXVariantGroup section */

/* Begin XCBuildConfiguration section */
		D6C90D711B2FF6D800C86102 /* Debug */ = {
			isa = XCBuildConfiguration;
			buildSettings = {
				ALWAYS_SEARCH_USER_PATHS = NO;
				CLANG_CXX_LANGUAGE_STANDARD = "gnu++0x";
				CLANG_CXX_LIBRARY = "libc++";
				CLANG_ENABLE_MODULES = YES;
				CLANG_ENABLE_OBJC_ARC = YES;
				CLANG_WARN_BOOL_CONVERSION = YES;
				CLANG_WARN_CONSTANT_CONVERSION = YES;
				CLANG_WARN_DIRECT_OBJC_ISA_USAGE = YES_ERROR;
				CLANG_WARN_EMPTY_BODY = YES;
				CLANG_WARN_ENUM_CONVERSION = YES;
				CLANG_WARN_INT_CONVERSION = YES;
				CLANG_WARN_OBJC_ROOT_CLASS = YES_ERROR;
				CLANG_WARN_UNREACHABLE_CODE = YES;
				CLANG_WARN__DUPLICATE_METHOD_MATCH = YES;
				"CODE_SIGN_IDENTITY[sdk=iphoneos*]" = "iPhone Developer";
				COPY_PHASE_STRIP = NO;
				ENABLE_STRICT_OBJC_MSGSEND = YES;
				GCC_C_LANGUAGE_STANDARD = gnu99;
				GCC_DYNAMIC_NO_PIC = NO;
				GCC_OPTIMIZATION_LEVEL = 0;
				GCC_PREPROCESSOR_DEFINITIONS = (
					"DEBUG=1",
					"$(inherited)",
				);
				GCC_SYMBOLS_PRIVATE_EXTERN = NO;
				GCC_WARN_64_TO_32_BIT_CONVERSION = YES;
				GCC_WARN_ABOUT_RETURN_TYPE = YES_ERROR;
				GCC_WARN_UNDECLARED_SELECTOR = YES;
				GCC_WARN_UNINITIALIZED_AUTOS = YES_AGGRESSIVE;
				GCC_WARN_UNUSED_FUNCTION = YES;
				GCC_WARN_UNUSED_VARIABLE = YES;
				IPHONEOS_DEPLOYMENT_TARGET = 8.2;
				MTL_ENABLE_DEBUG_INFO = YES;
				ONLY_ACTIVE_ARCH = YES;
				SDKROOT = iphoneos;
				SWIFT_OPTIMIZATION_LEVEL = "-Onone";
				TARGETED_DEVICE_FAMILY = "1,2";
			};
			name = Debug;
		};
		D6C90D721B2FF6D800C86102 /* Release */ = {
			isa = XCBuildConfiguration;
			buildSettings = {
				ALWAYS_SEARCH_USER_PATHS = NO;
				CLANG_CXX_LANGUAGE_STANDARD = "gnu++0x";
				CLANG_CXX_LIBRARY = "libc++";
				CLANG_ENABLE_MODULES = YES;
				CLANG_ENABLE_OBJC_ARC = YES;
				CLANG_WARN_BOOL_CONVERSION = YES;
				CLANG_WARN_CONSTANT_CONVERSION = YES;
				CLANG_WARN_DIRECT_OBJC_ISA_USAGE = YES_ERROR;
				CLANG_WARN_EMPTY_BODY = YES;
				CLANG_WARN_ENUM_CONVERSION = YES;
				CLANG_WARN_INT_CONVERSION = YES;
				CLANG_WARN_OBJC_ROOT_CLASS = YES_ERROR;
				CLANG_WARN_UNREACHABLE_CODE = YES;
				CLANG_WARN__DUPLICATE_METHOD_MATCH = YES;
				"CODE_SIGN_IDENTITY[sdk=iphoneos*]" = "iPhone Developer";
				COPY_PHASE_STRIP = NO;
				ENABLE_NS_ASSERTIONS = NO;
				ENABLE_STRICT_OBJC_MSGSEND = YES;
				GCC_C_LANGUAGE_STANDARD = gnu99;
				GCC_WARN_64_TO_32_BIT_CONVERSION = YES;
				GCC_WARN_ABOUT_RETURN_TYPE = YES_ERROR;
				GCC_WARN_UNDECLARED_SELECTOR = YES;
				GCC_WARN_UNINITIALIZED_AUTOS = YES_AGGRESSIVE;
				GCC_WARN_UNUSED_FUNCTION = YES;
				GCC_WARN_UNUSED_VARIABLE = YES;
				IPHONEOS_DEPLOYMENT_TARGET = 8.2;
				MTL_ENABLE_DEBUG_INFO = NO;
				SDKROOT = iphoneos;
				TARGETED_DEVICE_FAMILY = "1,2";
				VALIDATE_PRODUCT = YES;
			};
			name = Release;
		};
		D6C90D741B2FF6D800C86102 /* Debug */ = {
			isa = XCBuildConfiguration;
			buildSettings = {
				ASSETCATALOG_COMPILER_APPICON_NAME = AppIcon;
				INFOPLIST_FILE = CheckBoxinSwift/Info.plist;
				LD_RUNPATH_SEARCH_PATHS = "$(inherited) @executable_path/Frameworks";
				PRODUCT_NAME = "$(TARGET_NAME)";
			};
			name = Debug;
		};
		D6C90D751B2FF6D800C86102 /* Release */ = {
			isa = XCBuildConfiguration;
			buildSettings = {
				ASSETCATALOG_COMPILER_APPICON_NAME = AppIcon;
				INFOPLIST_FILE = CheckBoxinSwift/Info.plist;
				LD_RUNPATH_SEARCH_PATHS = "$(inherited) @executable_path/Frameworks";
				PRODUCT_NAME = "$(TARGET_NAME)";
			};
			name = Release;
		};
		D6C90D771B2FF6D800C86102 /* Debug */ = {
			isa = XCBuildConfiguration;
			buildSettings = {
				BUNDLE_LOADER = "$(TEST_HOST)";
				FRAMEWORK_SEARCH_PATHS = (
					"$(SDKROOT)/Developer/Library/Frameworks",
					"$(inherited)",
				);
				GCC_PREPROCESSOR_DEFINITIONS = (
					"DEBUG=1",
					"$(inherited)",
				);
				INFOPLIST_FILE = CheckBoxinSwiftTests/Info.plist;
				LD_RUNPATH_SEARCH_PATHS = "$(inherited) @executable_path/Frameworks @loader_path/Frameworks";
				PRODUCT_NAME = "$(TARGET_NAME)";
				TEST_HOST = "$(BUILT_PRODUCTS_DIR)/CheckBoxinSwift.app/CheckBoxinSwift";
			};
			name = Debug;
		};
		D6C90D781B2FF6D800C86102 /* Release */ = {
			isa = XCBuildConfiguration;
			buildSettings = {
				BUNDLE_LOADER = "$(TEST_HOST)";
				FRAMEWORK_SEARCH_PATHS = (
					"$(SDKROOT)/Developer/Library/Frameworks",
					"$(inherited)",
				);
				INFOPLIST_FILE = CheckBoxinSwiftTests/Info.plist;
				LD_RUNPATH_SEARCH_PATHS = "$(inherited) @executable_path/Frameworks @loader_path/Frameworks";
				PRODUCT_NAME = "$(TARGET_NAME)";
				TEST_HOST = "$(BUILT_PRODUCTS_DIR)/CheckBoxinSwift.app/CheckBoxinSwift";
			};
			name = Release;
		};
/* End XCBuildConfiguration section */

/* Begin XCConfigurationList section */
		D6C90D541B2FF6D800C86102 /* Build configuration list for PBXProject "CheckBoxinSwift" */ = {
			isa = XCConfigurationList;
			buildConfigurations = (
				D6C90D711B2FF6D800C86102 /* Debug */,
				D6C90D721B2FF6D800C86102 /* Release */,
			);
			defaultConfigurationIsVisible = 0;
			defaultConfigurationName = Release;
		};
		D6C90D731B2FF6D800C86102 /* Build configuration list for PBXNativeTarget "CheckBoxinSwift" */ = {
			isa = XCConfigurationList;
			buildConfigurations = (
				D6C90D741B2FF6D800C86102 /* Debug */,
				D6C90D751B2FF6D800C86102 /* Release */,
			);
			defaultConfigurationIsVisible = 0;
		};
		D6C90D761B2FF6D800C86102 /* Build configuration list for PBXNativeTarget "CheckBoxinSwiftTests" */ = {
			isa = XCConfigurationList;
			buildConfigurations = (
				D6C90D771B2FF6D800C86102 /* Debug */,
				D6C90D781B2FF6D800C86102 /* Release */,
			);
			defaultConfigurationIsVisible = 0;
		};
/* End XCConfigurationList section */
	};
	rootObject = D6C90D511B2FF6D800C86102 /* Project object */;
}
